github.com/davecgh/go-spew v1.1.0/go.mod h1:J7Y8YcW2NihsgmVo/mv3lAwl/skON4iLHjSsI+c5H38=
github.com/davecgh/go-spew v1.1.1 h1:vj9j/u1bqnvCEfJOwUhtlOARqs3+rkHYY13jYWTU97c=
github.com/davecgh/go-spew v1.1.1/go.mod h1:J7Y8YcW2NihsgmVo/mv3lAwl/skON4iLHjSsI+c5H38=
github.com/feyeleanor/atomiser v0.0.0-20220525235242-a394c7987bc7 h1:DKEA9T3xRIVAUWpAYANAzIR3Jp9GXCUZLFJdddMXnaY=
github.com/feyeleanor/atomiser v0.0.0-20220525235242-a394c7987bc7/go.mod h1:45Uv7NU6FYlGULtbCJbe1lM17LW/sE4vyQv2S07fC3I=
github.com/feyeleanor/chain v0.0.0-20220219201340-fc2bd72c2de0 h1:B3lOnrlSP8Yu0DX79aU1I1dRzgQNGrAGJcUvz85br1E=
github.com/feyeleanor/chain v0.0.0-20220219201340-fc2bd72c2de0/go.mod h1:oSQUSvu4dS0WyM3MfOQkX6WBBO08xSESepAd+0m1aeo=
github.com/feyeleanor/jittery v0.0.0-20161230190557-3fb4c65493ea h1:bl7kntu95Xa/T9k5vmokkE3T/EIEEte8TgUKJmbm7MQ=
github.com/feyeleanor/lists v0.0.0-20161230191010-5b716bb252f6 h1:zEZRU9bwmdoSftWpQA0PcFExE9XIs/vxNJpm2Ve+INU=
github.com/feyeleanor/raw v0.0.0-20220219200545-e060f05ad80b h1:NovlMY6hCUy8Z4v1YGNXWXogQ+dYNZzBY3yEu6p0DDc=
github.com/feyeleanor/raw v0.0.0-20220219200545-e060f05ad80b/go.mod h1:rcc77vIkXep+EoU+Oebo8GaCy9BRwc0W862QL5dt7n4=
github.com/feyeleanor/slices v0.0.0-20220503171503-0981db278772 h1:9VRpNAchxjfkOIzXtEYkfMOa8AQnl2ZGmyZhjhXZNAk=
github.com/feyeleanor/slices v0.0.0-20220503171503-0981db278772/go.mod h1:bgt0dkTIeOgY3WQKdgxRoPBgn4ORq14A+ne33PVRGzo=
github.com/google/btree v1.0.0/go.mod h1:lNA+9X1NB3Zf8V7Ke586lFgjr2dZNuvo3lPJSGZ5JPQ=
github.com/google/btree v1.1.2 h1:xf4v41cLI2Z6FxbKm+8Bu+m8ifhj15JuZ9sa0jZCMUU=
github.com/google/btree v1.1.2/go.mod h1:qOPhT0dTNdNzV6Z/lhRX0YXUafgPLFUh+gZMl761Gm4=
github.com/peterbourgon/diskv/v3 v3.0.1 h1:x06SQA46+PKIUftmEujdwSEpIx8kR+M9eLYsUxeYveU=
github.com/peterbourgon/diskv/v3 v3.0.1/go.mod h1:kJ5Ny7vLdARGU3WUuy6uzO6T0nb/2gWcT1JiBvRmb5o=
github.com/pmezard/go-difflib v1.0.0 h1:4DBwDE0NGyQoBHbLQYPwSUPoCMWR5BEzIk/f1lZbAQM=
github.com/pmezard/go-difflib v1.0.0/go.mod h1:iKH77koFhYxTK1pcRnkKkqfTogsbg7gZNVY4sRDYZ/4=
github.com/sirupsen/logrus v1.9.2 h1:oxx1eChJGI6Uks2ZC4W1zpLlVgqB8ner4EuQwV4Ik1Y=
github.com/sirupsen/logrus v1.9.2/go.mod h1:naHLuLoDiP4jHNo9R0sCBMtWGeIprob74mVsIT4qYEQ=
github.com/stretchr/objx v0.1.0/go.mod h1:HFkY916IF+rwdDfMAkV7OtwuqBVzrE8GR6GFx+wExME=
github.com/stretchr/testify v1.7.0 h1:nwc3DEeHmmLAfoZucVR881uASk0Mfjw8xYJ99tb5CcY=
github.com/stretchr/testify v1.7.0/go.mod h1:6Fq8oRcR53rry900zMqJjRRixrwX3KX962/h/Wwjteg=
github.com/voxelbrain/goptions v0.0.0-20180630082107-58cddc247ea2 h1:txplJASvd6b/hrE0s/Ixfpp2cuwH9IO9oZBAN9iYa4A=
github.com/voxelbrain/goptions v0.0.0-20180630082107-58cddc247ea2/go.mod h1:DGCIhurYgnLz8J9ga1fMV/fbLDyUvTyrWXVWUIyJon4=
golang.org/x/sys v0.0.0-20220715151400-c0bba94af5f8 h1:0A+M6Uqn+Eje4kHMK80dtF3JCXC4ykBgQG4Fe06QRhQ=
golang.org/x/sys v0.0.0-20220715151400-c0bba94af5f8/go.mod h1:oPkhp1MJrh7nUepCBck5+mAzfO9JrbApNNgaTdGDITg=
gopkg.in/check.v1 v0.0.0-20161208181325-20d25e280405 h1:yhCVgyC4o1eVCa2tZl7eS0r+SDo693bJlVdllGtEeKM=
gopkg.in/check.v1 v0.0.0-20161208181325-20d25e280405/go.mod h1:Co6ibVJAznAaIkqp8huTwlJQCZ016jof/cbN4VW5Yz0=
gopkg.in/yaml.v3 v3.0.0-20200313102051-9f266ea9e77c h1:dUUwHk2QECo/6vqA44rthZ8ie2QXMNeKRTHCNY2nXvo=
gopkg.in/yaml.v3 v3.0.0-20200313102051-9f266ea9e77c/go.mod h1:K4uyk7z7BCEPqu6E+C64Yfv1cQ7kz7rIZviUmN+EgEM=
